
Microsoft Visual Studio Solution File, Format Version 12.00
# Visual Studio Version 17
VisualStudioVersion = 17.14.36310.24 d17.14
MinimumVisualStudioVersion = 10.0.40219.1
Project("{FAE04EC0-301F-11D3-BF4B-00C04F79EFBC}") = "DevDemoWeb", "DevDemoWeb\DevDemoWeb.csproj", "{7118375C-51EC-4D94-8410-A9ECFBD7F2D4}"
EndProject
Project("{FAE04EC0-301F-11D3-BF4B-00C04F79EFBC}") = "DevDemoData", "DevDemoData\DevDemoData.csproj", "{BEF98AFE-84B8-4B8E-B131-572254696794}"
EndProject
Project("{FAE04EC0-301F-11D3-BF4B-00C04F79EFBC}") = "DevDemoEntities", "DevDemoEntities\DevDemoEntities.csproj", "{025ACDF0-9995-40FD-88E1-9AB5103D3129}"
EndProject
Global
	GlobalSection(SolutionConfigurationPlatforms) = preSolution
		Debug|Any CPU = Debug|Any CPU
		Release|Any CPU = Release|Any CPU
	EndGlobalSection
	GlobalSection(ProjectConfigurationPlatforms) = postSolution
		{7118375C-51EC-4D94-8410-A9ECFBD7F2D4}.Debug|Any CPU.ActiveCfg = Debug|Any CPU
		{7118375C-51EC-4D94-8410-A9ECFBD7F2D4}.Debug|Any CPU.Build.0 = Debug|Any CPU
		{7118375C-51EC-4D94-8410-A9ECFBD7F2D4}.Release|Any CPU.ActiveCfg = Release|Any CPU
		{7118375C-51EC-4D94-8410-A9ECFBD7F2D4}.Release|Any CPU.Build.0 = Release|Any CPU
		{BEF98AFE-84B8-4B8E-B131-572254696794}.Debug|Any CPU.ActiveCfg = Debug|Any CPU
		{BEF98AFE-84B8-4B8E-B131-572254696794}.Debug|Any CPU.Build.0 = Debug|Any CPU
		{BEF98AFE-84B8-4B8E-B131-572254696794}.Release|Any CPU.ActiveCfg = Release|Any CPU
		{BEF98AFE-84B8-4B8E-B131-572254696794}.Release|Any CPU.Build.0 = Release|Any CPU
		{025ACDF0-9995-40FD-88E1-9AB5103D3129}.Debug|Any CPU.ActiveCfg = Debug|Any CPU
		{025ACDF0-9995-40FD-88E1-9AB5103D3129}.Debug|Any CPU.Build.0 = Debug|Any CPU
		{025ACDF0-9995-40FD-88E1-9AB5103D3129}.Release|Any CPU.ActiveCfg = Release|Any CPU
		{025ACDF0-9995-40FD-88E1-9AB5103D3129}.Release|Any CPU.Build.0 = Release|Any CPU
	EndGlobalSection
	GlobalSection(SolutionProperties) = preSolution
		HideSolutionNode = FALSE
	EndGlobalSection
	GlobalSection(ExtensibilityGlobals) = postSolution
		SolutionGuid = {A9BC3E98-5E97-474D-9D96-599ADAE67D4A}
	EndGlobalSection
EndGlobal
